
Microsoft Visual Studio Solution File, Format Version 12.00
# Visual Studio Version 17
VisualStudioVersion = 17.7.34221.43
MinimumVisualStudioVersion = 10.0.40219.1
Project("{FAE04EC0-301F-11D3-BF4B-00C04F79EFBC}") = "WebApiAutores", "WebApiAutores\WebApiAutores.csproj", "{1AF09AAC-12DB-46BB-BE8E-CF9378605735}"
EndProject
Global
	GlobalSection(SolutionConfigurationPlatforms) = preSolution
		Debug|Any CPU = Debug|Any CPU
		Release|Any CPU = Release|Any CPU
	EndGlobalSection
	GlobalSection(ProjectConfigurationPlatforms) = postSolution
		{1AF09AAC-12DB-46BB-BE8E-CF9378605735}.Debug|Any CPU.ActiveCfg = Debug|Any CPU
		{1AF09AAC-12DB-46BB-BE8E-CF9378605735}.Debug|Any CPU.Build.0 = Debug|Any CPU
		{1AF09AAC-12DB-46BB-BE8E-CF9378605735}.Release|Any CPU.ActiveCfg = Release|Any CPU
		{1AF09AAC-12DB-46BB-BE8E-CF9378605735}.Release|Any CPU.Build.0 = Release|Any CPU
	EndGlobalSection
	GlobalSection(SolutionProperties) = preSolution
		HideSolutionNode = FALSE
	EndGlobalSection
	GlobalSection(ExtensibilityGlobals) = postSolution
		SolutionGuid = {64DB759E-2E25-4A72-BC74-22369B715927}
	EndGlobalSection
EndGlobal
